
Microsoft Visual Studio Solution File, Format Version 12.00
# Visual Studio Version 16
VisualStudioVersion = 16.0.30309.148
MinimumVisualStudioVersion = 10.0.40219.1
Project("{FAE04EC0-301F-11D3-BF4B-00C04F79EFBC}") = "ServiceA", "ServiceA\ServiceA.csproj", "{CA15A1BE-20AB-4153-95E1-12B92BC7CFF9}"
EndProject
Global
	GlobalSection(SolutionConfigurationPlatforms) = preSolution
		Debug|Any CPU = Debug|Any CPU
		Release|Any CPU = Release|Any CPU
	EndGlobalSection
	GlobalSection(ProjectConfigurationPlatforms) = postSolution
		{CA15A1BE-20AB-4153-95E1-12B92BC7CFF9}.Debug|Any CPU.ActiveCfg = Debug|Any CPU
		{CA15A1BE-20AB-4153-95E1-12B92BC7CFF9}.Debug|Any CPU.Build.0 = Debug|Any CPU
		{CA15A1BE-20AB-4153-95E1-12B92BC7CFF9}.Release|Any CPU.ActiveCfg = Release|Any CPU
		{CA15A1BE-20AB-4153-95E1-12B92BC7CFF9}.Release|Any CPU.Build.0 = Release|Any CPU
	EndGlobalSection
	GlobalSection(SolutionProperties) = preSolution
		HideSolutionNode = FALSE
	EndGlobalSection
	GlobalSection(ExtensibilityGlobals) = postSolution
		SolutionGuid = {266B1367-D9BC-4B97-A065-51E78E39FC1C}
	EndGlobalSection
EndGlobal
